// !$*UTF8*$!
{
	archiveVersion = 1;
	classes = {
	};
	objectVersion = 56;
	objects = {

/* Begin PBXBuildFile section */
		CC69B3A5293F688E00D2B285 /* AppDelegate.swift in Sources */ = {isa = PBXBuildFile; fileRef = CC69B3A4293F688E00D2B285 /* AppDelegate.swift */; };
		CC69B3A7293F688E00D2B285 /* SceneDelegate.swift in Sources */ = {isa = PBXBuildFile; fileRef = CC69B3A6293F688E00D2B285 /* SceneDelegate.swift */; };
		CC69B3A9293F688E00D2B285 /* MainTabBarViewController.swift in Sources */ = {isa = PBXBuildFile; fileRef = CC69B3A8293F688E00D2B285 /* MainTabBarViewController.swift */; };
		CC69B3AE293F688F00D2B285 /* Assets.xcassets in Resources */ = {isa = PBXBuildFile; fileRef = CC69B3AD293F688F00D2B285 /* Assets.xcassets */; };
		CC69B3B1293F688F00D2B285 /* LaunchScreen.storyboard in Resources */ = {isa = PBXBuildFile; fileRef = CC69B3AF293F688F00D2B285 /* LaunchScreen.storyboard */; };
		CC69B3BA293F7E7000D2B285 /* HomeViewController.swift in Sources */ = {isa = PBXBuildFile; fileRef = CC69B3B9293F7E7000D2B285 /* HomeViewController.swift */; };
		CC69B3BC293F7E8100D2B285 /* SearchViewController.swift in Sources */ = {isa = PBXBuildFile; fileRef = CC69B3BB293F7E8100D2B285 /* SearchViewController.swift */; };
		CC69B3BE293F7E8F00D2B285 /* NotificationsViewController.swift in Sources */ = {isa = PBXBuildFile; fileRef = CC69B3BD293F7E8F00D2B285 /* NotificationsViewController.swift */; };
		CC69B3C0293F7E9C00D2B285 /* DirectMessagesViewController.swift in Sources */ = {isa = PBXBuildFile; fileRef = CC69B3BF293F7E9C00D2B285 /* DirectMessagesViewController.swift */; };
		CC69B3C32940A4F800D2B285 /* TweetTableViewCell.swift in Sources */ = {isa = PBXBuildFile; fileRef = CC69B3C22940A4F800D2B285 /* TweetTableViewCell.swift */; };
		CC69B3C72943721200D2B285 /* ProfileViewController.swift in Sources */ = {isa = PBXBuildFile; fileRef = CC69B3C62943721200D2B285 /* ProfileViewController.swift */; };
		CC69B3C92944C64700D2B285 /* ProfileTableViewHeader.swift in Sources */ = {isa = PBXBuildFile; fileRef = CC69B3C82944C64700D2B285 /* ProfileTableViewHeader.swift */; };
		CC69B3CE294A196C00D2B285 /* GoogleService-Info.plist in Resources */ = {isa = PBXBuildFile; fileRef = CC69B3CD294A196C00D2B285 /* GoogleService-Info.plist */; };
		CC69B3D1294A1B1B00D2B285 /* FirebaseAuth in Frameworks */ = {isa = PBXBuildFile; productRef = CC69B3D0294A1B1B00D2B285 /* FirebaseAuth */; };
		CC69B3D3294A1B1B00D2B285 /* FirebaseAuthCombine-Community in Frameworks */ = {isa = PBXBuildFile; productRef = CC69B3D2294A1B1B00D2B285 /* FirebaseAuthCombine-Community */; };
		CC69B3D5294A1B1B00D2B285 /* FirebaseDatabase in Frameworks */ = {isa = PBXBuildFile; productRef = CC69B3D4294A1B1B00D2B285 /* FirebaseDatabase */; };
		CC69B3D7294A1B1B00D2B285 /* FirebaseDatabaseSwift in Frameworks */ = {isa = PBXBuildFile; productRef = CC69B3D6294A1B1B00D2B285 /* FirebaseDatabaseSwift */; };
		CC69B3D9294A1B1B00D2B285 /* FirebaseFirestore in Frameworks */ = {isa = PBXBuildFile; productRef = CC69B3D8294A1B1B00D2B285 /* FirebaseFirestore */; };
		CC69B3DB294A1B1B00D2B285 /* FirebaseFirestoreCombine-Community in Frameworks */ = {isa = PBXBuildFile; productRef = CC69B3DA294A1B1B00D2B285 /* FirebaseFirestoreCombine-Community */; };
		CC69B3DD294A1B1B00D2B285 /* FirebaseFirestoreSwift in Frameworks */ = {isa = PBXBuildFile; productRef = CC69B3DC294A1B1B00D2B285 /* FirebaseFirestoreSwift */; };
		CC69B3DF294A1B1B00D2B285 /* FirebaseStorage in Frameworks */ = {isa = PBXBuildFile; productRef = CC69B3DE294A1B1B00D2B285 /* FirebaseStorage */; };
		CC69B3E1294A1B1B00D2B285 /* FirebaseStorageCombine-Community in Frameworks */ = {isa = PBXBuildFile; productRef = CC69B3E0294A1B1B00D2B285 /* FirebaseStorageCombine-Community */; };
		CC69B3E4294A401600D2B285 /* OnboardingViewController.swift in Sources */ = {isa = PBXBuildFile; fileRef = CC69B3E3294A401600D2B285 /* OnboardingViewController.swift */; };
		CC69B3E6294B9E2100D2B285 /* RegisterViewController.swift in Sources */ = {isa = PBXBuildFile; fileRef = CC69B3E5294B9E2100D2B285 /* RegisterViewController.swift */; };
/* End PBXBuildFile section */

/* Begin PBXFileReference section */
		CC69B3A1293F688E00D2B285 /* TwitterClone.app */ = {isa = PBXFileReference; explicitFileType = wrapper.application; includeInIndex = 0; path = TwitterClone.app; sourceTree = BUILT_PRODUCTS_DIR; };
		CC69B3A4293F688E00D2B285 /* AppDelegate.swift */ = {isa = PBXFileReference; lastKnownFileType = sourcecode.swift; path = AppDelegate.swift; sourceTree = "<group>"; };
		CC69B3A6293F688E00D2B285 /* SceneDelegate.swift */ = {isa = PBXFileReference; lastKnownFileType = sourcecode.swift; path = SceneDelegate.swift; sourceTree = "<group>"; };
		CC69B3A8293F688E00D2B285 /* MainTabBarViewController.swift */ = {isa = PBXFileReference; lastKnownFileType = sourcecode.swift; path = MainTabBarViewController.swift; sourceTree = "<group>"; };
		CC69B3AD293F688F00D2B285 /* Assets.xcassets */ = {isa = PBXFileReference; lastKnownFileType = folder.assetcatalog; path = Assets.xcassets; sourceTree = "<group>"; };
		CC69B3B0293F688F00D2B285 /* Base */ = {isa = PBXFileReference; lastKnownFileType = file.storyboard; name = Base; path = Base.lproj/LaunchScreen.storyboard; sourceTree = "<group>"; };
		CC69B3B2293F688F00D2B285 /* Info.plist */ = {isa = PBXFileReference; lastKnownFileType = text.plist.xml; path = Info.plist; sourceTree = "<group>"; };
		CC69B3B9293F7E7000D2B285 /* HomeViewController.swift */ = {isa = PBXFileReference; lastKnownFileType = sourcecode.swift; path = HomeViewController.swift; sourceTree = "<group>"; };
		CC69B3BB293F7E8100D2B285 /* SearchViewController.swift */ = {isa = PBXFileReference; lastKnownFileType = sourcecode.swift; path = SearchViewController.swift; sourceTree = "<group>"; };
		CC69B3BD293F7E8F00D2B285 /* NotificationsViewController.swift */ = {isa = PBXFileReference; lastKnownFileType = sourcecode.swift; path = NotificationsViewController.swift; sourceTree = "<group>"; };
		CC69B3BF293F7E9C00D2B285 /* DirectMessagesViewController.swift */ = {isa = PBXFileReference; lastKnownFileType = sourcecode.swift; path = DirectMessagesViewController.swift; sourceTree = "<group>"; };
		CC69B3C22940A4F800D2B285 /* TweetTableViewCell.swift */ = {isa = PBXFileReference; lastKnownFileType = sourcecode.swift; path = TweetTableViewCell.swift; sourceTree = "<group>"; };
		CC69B3C62943721200D2B285 /* ProfileViewController.swift */ = {isa = PBXFileReference; lastKnownFileType = sourcecode.swift; path = ProfileViewController.swift; sourceTree = "<group>"; };
		CC69B3C82944C64700D2B285 /* ProfileTableViewHeader.swift */ = {isa = PBXFileReference; lastKnownFileType = sourcecode.swift; path = ProfileTableViewHeader.swift; sourceTree = "<group>"; };
		CC69B3CD294A196C00D2B285 /* GoogleService-Info.plist */ = {isa = PBXFileReference; fileEncoding = 4; lastKnownFileType = text.plist.xml; path = "GoogleService-Info.plist"; sourceTree = "<group>"; };
		CC69B3E3294A401600D2B285 /* OnboardingViewController.swift */ = {isa = PBXFileReference; lastKnownFileType = sourcecode.swift; path = OnboardingViewController.swift; sourceTree = "<group>"; };
		CC69B3E5294B9E2100D2B285 /* RegisterViewController.swift */ = {isa = PBXFileReference; lastKnownFileType = sourcecode.swift; path = RegisterViewController.swift; sourceTree = "<group>"; };
/* End PBXFileReference section */

/* Begin PBXFrameworksBuildPhase section */
		CC69B39E293F688E00D2B285 /* Frameworks */ = {
			isa = PBXFrameworksBuildPhase;
			buildActionMask = 2147483647;
			files = (
				CC69B3D7294A1B1B00D2B285 /* FirebaseDatabaseSwift in Frameworks */,
				CC69B3D5294A1B1B00D2B285 /* FirebaseDatabase in Frameworks */,
				CC69B3D1294A1B1B00D2B285 /* FirebaseAuth in Frameworks */,
				CC69B3DD294A1B1B00D2B285 /* FirebaseFirestoreSwift in Frameworks */,
				CC69B3DB294A1B1B00D2B285 /* FirebaseFirestoreCombine-Community in Frameworks */,
				CC69B3DF294A1B1B00D2B285 /* FirebaseStorage in Frameworks */,
				CC69B3D9294A1B1B00D2B285 /* FirebaseFirestore in Frameworks */,
				CC69B3E1294A1B1B00D2B285 /* FirebaseStorageCombine-Community in Frameworks */,
				CC69B3D3294A1B1B00D2B285 /* FirebaseAuthCombine-Community in Frameworks */,
			);
			runOnlyForDeploymentPostprocessing = 0;
		};
/* End PBXFrameworksBuildPhase section */

/* Begin PBXGroup section */
		CC69B398293F688E00D2B285 = {
			isa = PBXGroup;
			children = (
				CC69B3A3293F688E00D2B285 /* TwitterClone */,
				CC69B3A2293F688E00D2B285 /* Products */,
			);
			sourceTree = "<group>";
		};
		CC69B3A2293F688E00D2B285 /* Products */ = {
			isa = PBXGroup;
			children = (
				CC69B3A1293F688E00D2B285 /* TwitterClone.app */,
			);
			name = Products;
			sourceTree = "<group>";
		};
		CC69B3A3293F688E00D2B285 /* TwitterClone */ = {
			isa = PBXGroup;
			children = (
				CC69B3C12940A4DE00D2B285 /* Views */,
				CC69B3C4294371C200D2B285 /* Controllers */,
				CC69B3A4293F688E00D2B285 /* AppDelegate.swift */,
				CC69B3A6293F688E00D2B285 /* SceneDelegate.swift */,
				CC69B3AD293F688F00D2B285 /* Assets.xcassets */,
				CC69B3AF293F688F00D2B285 /* LaunchScreen.storyboard */,
				CC69B3B2293F688F00D2B285 /* Info.plist */,
				CC69B3CD294A196C00D2B285 /* GoogleService-Info.plist */,
			);
			path = TwitterClone;
			sourceTree = "<group>";
		};
		CC69B3B8293F7E5500D2B285 /* Core */ = {
			isa = PBXGroup;
			children = (
				CC69B3A8293F688E00D2B285 /* MainTabBarViewController.swift */,
				CC69B3B9293F7E7000D2B285 /* HomeViewController.swift */,
				CC69B3BB293F7E8100D2B285 /* SearchViewController.swift */,
				CC69B3BD293F7E8F00D2B285 /* NotificationsViewController.swift */,
				CC69B3BF293F7E9C00D2B285 /* DirectMessagesViewController.swift */,
			);
			path = Core;
			sourceTree = "<group>";
		};
		CC69B3C12940A4DE00D2B285 /* Views */ = {
			isa = PBXGroup;
			children = (
				CC69B3C22940A4F800D2B285 /* TweetTableViewCell.swift */,
				CC69B3C82944C64700D2B285 /* ProfileTableViewHeader.swift */,
			);
			path = Views;
			sourceTree = "<group>";
		};
		CC69B3C4294371C200D2B285 /* Controllers */ = {
			isa = PBXGroup;
			children = (
				CC69B3E2294A3FF100D2B285 /* Onboarding */,
				CC69B3C5294371EE00D2B285 /* General */,
				CC69B3B8293F7E5500D2B285 /* Core */,
			);
			path = Controllers;
			sourceTree = "<group>";
		};
		CC69B3C5294371EE00D2B285 /* General */ = {
			isa = PBXGroup;
			children = (
				CC69B3C62943721200D2B285 /* ProfileViewController.swift */,
			);
			path = General;
			sourceTree = "<group>";
		};
		CC69B3E2294A3FF100D2B285 /* Onboarding */ = {
			isa = PBXGroup;
			children = (
				CC69B3E3294A401600D2B285 /* OnboardingViewController.swift */,
				CC69B3E5294B9E2100D2B285 /* RegisterViewController.swift */,
			);
			path = Onboarding;
			sourceTree = "<group>";
		};
/* End PBXGroup section */

/* Begin PBXNativeTarget section */
		CC69B3A0293F688E00D2B285 /* TwitterClone */ = {
			isa = PBXNativeTarget;
			buildConfigurationList = CC69B3B5293F688F00D2B285 /* Build configuration list for PBXNativeTarget "TwitterClone" */;
			buildPhases = (
				CC69B39D293F688E00D2B285 /* Sources */,
				CC69B39E293F688E00D2B285 /* Frameworks */,
				CC69B39F293F688E00D2B285 /* Resources */,
			);
			buildRules = (
			);
			dependencies = (
			);
			name = TwitterClone;
			packageProductDependencies = (
				CC69B3D0294A1B1B00D2B285 /* FirebaseAuth */,
				CC69B3D2294A1B1B00D2B285 /* FirebaseAuthCombine-Community */,
				CC69B3D4294A1B1B00D2B285 /* FirebaseDatabase */,
				CC69B3D6294A1B1B00D2B285 /* FirebaseDatabaseSwift */,
				CC69B3D8294A1B1B00D2B285 /* FirebaseFirestore */,
				CC69B3DA294A1B1B00D2B285 /* FirebaseFirestoreCombine-Community */,
				CC69B3DC294A1B1B00D2B285 /* FirebaseFirestoreSwift */,
				CC69B3DE294A1B1B00D2B285 /* FirebaseStorage */,
				CC69B3E0294A1B1B00D2B285 /* FirebaseStorageCombine-Community */,
			);
			productName = TwitterClone;
			productReference = CC69B3A1293F688E00D2B285 /* TwitterClone.app */;
			productType = "com.apple.product-type.application";
		};
/* End PBXNativeTarget section */

/* Begin PBXProject section */
		CC69B399293F688E00D2B285 /* Project object */ = {
			isa = PBXProject;
			attributes = {
				BuildIndependentTargetsInParallel = 1;
				LastSwiftUpdateCheck = 1410;
				LastUpgradeCheck = 1410;
				TargetAttributes = {
					CC69B3A0293F688E00D2B285 = {
						CreatedOnToolsVersion = 14.1;
					};
				};
			};
			buildConfigurationList = CC69B39C293F688E00D2B285 /* Build configuration list for PBXProject "TwitterClone" */;
			compatibilityVersion = "Xcode 14.0";
			developmentRegion = en;
			hasScannedForEncodings = 0;
			knownRegions = (
				en,
				Base,
			);
			mainGroup = CC69B398293F688E00D2B285;
			packageReferences = (
				CC69B3CF294A1B1B00D2B285 /* XCRemoteSwiftPackageReference "firebase-ios-sdk" */,
			);
			productRefGroup = CC69B3A2293F688E00D2B285 /* Products */;
			projectDirPath = "";
			projectRoot = "";
			targets = (
				CC69B3A0293F688E00D2B285 /* TwitterClone */,
			);
		};
/* End PBXProject section */

/* Begin PBXResourcesBuildPhase section */
		CC69B39F293F688E00D2B285 /* Resources */ = {
			isa = PBXResourcesBuildPhase;
			buildActionMask = 2147483647;
			files = (
				CC69B3B1293F688F00D2B285 /* LaunchScreen.storyboard in Resources */,
				CC69B3AE293F688F00D2B285 /* Assets.xcassets in Resources */,
				CC69B3CE294A196C00D2B285 /* GoogleService-Info.plist in Resources */,
			);
			runOnlyForDeploymentPostprocessing = 0;
		};
/* End PBXResourcesBuildPhase section */

/* Begin PBXSourcesBuildPhase section */
		CC69B39D293F688E00D2B285 /* Sources */ = {
			isa = PBXSourcesBuildPhase;
			buildActionMask = 2147483647;
			files = (
				CC69B3BC293F7E8100D2B285 /* SearchViewController.swift in Sources */,
				CC69B3A9293F688E00D2B285 /* MainTabBarViewController.swift in Sources */,
				CC69B3A5293F688E00D2B285 /* AppDelegate.swift in Sources */,
				CC69B3E6294B9E2100D2B285 /* RegisterViewController.swift in Sources */,
				CC69B3BE293F7E8F00D2B285 /* NotificationsViewController.swift in Sources */,
				CC69B3A7293F688E00D2B285 /* SceneDelegate.swift in Sources */,
				CC69B3BA293F7E7000D2B285 /* HomeViewController.swift in Sources */,
				CC69B3C72943721200D2B285 /* ProfileViewController.swift in Sources */,
				CC69B3C0293F7E9C00D2B285 /* DirectMessagesViewController.swift in Sources */,
				CC69B3C92944C64700D2B285 /* ProfileTableViewHeader.swift in Sources */,
				CC69B3E4294A401600D2B285 /* OnboardingViewController.swift in Sources */,
				CC69B3C32940A4F800D2B285 /* TweetTableViewCell.swift in Sources */,
			);
			runOnlyForDeploymentPostprocessing = 0;
		};
/* End PBXSourcesBuildPhase section */

/* Begin PBXVariantGroup section */
		CC69B3AF293F688F00D2B285 /* LaunchScreen.storyboard */ = {
			isa = PBXVariantGroup;
			children = (
				CC69B3B0293F688F00D2B285 /* Base */,
			);
			name = LaunchScreen.storyboard;
			sourceTree = "<group>";
		};
/* End PBXVariantGroup section */

/* Begin XCBuildConfiguration section */
		CC69B3B3293F688F00D2B285 /* Debug */ = {
			isa = XCBuildConfiguration;
			buildSettings = {
				ALWAYS_SEARCH_USER_PATHS = NO;
				CLANG_ANALYZER_NONNULL = YES;
				CLANG_ANALYZER_NUMBER_OBJECT_CONVERSION = YES_AGGRESSIVE;
				CLANG_CXX_LANGUAGE_STANDARD = "gnu++20";
				CLANG_ENABLE_MODULES = YES;
				CLANG_ENABLE_OBJC_ARC = YES;
				CLANG_ENABLE_OBJC_WEAK = YES;
				CLANG_WARN_BLOCK_CAPTURE_AUTORELEASING = YES;
				CLANG_WARN_BOOL_CONVERSION = YES;
				CLANG_WARN_COMMA = YES;
				CLANG_WARN_CONSTANT_CONVERSION = YES;
				CLANG_WARN_DEPRECATED_OBJC_IMPLEMENTATIONS = YES;
				CLANG_WARN_DIRECT_OBJC_ISA_USAGE = YES_ERROR;
				CLANG_WARN_DOCUMENTATION_COMMENTS = YES;
				CLANG_WARN_EMPTY_BODY = YES;
				CLANG_WARN_ENUM_CONVERSION = YES;
				CLANG_WARN_INFINITE_RECURSION = YES;
				CLANG_WARN_INT_CONVERSION = YES;
				CLANG_WARN_NON_LITERAL_NULL_CONVERSION = YES;
				CLANG_WARN_OBJC_IMPLICIT_RETAIN_SELF = YES;
				CLANG_WARN_OBJC_LITERAL_CONVERSION = YES;
				CLANG_WARN_OBJC_ROOT_CLASS = YES_ERROR;
				CLANG_WARN_QUOTED_INCLUDE_IN_FRAMEWORK_HEADER = YES;
				CLANG_WARN_RANGE_LOOP_ANALYSIS = YES;
				CLANG_WARN_STRICT_PROTOTYPES = YES;
				CLANG_WARN_SUSPICIOUS_MOVE = YES;
				CLANG_WARN_UNGUARDED_AVAILABILITY = YES_AGGRESSIVE;
				CLANG_WARN_UNREACHABLE_CODE = YES;
				CLANG_WARN__DUPLICATE_METHOD_MATCH = YES;
				COPY_PHASE_STRIP = NO;
				DEBUG_INFORMATION_FORMAT = dwarf;
				ENABLE_STRICT_OBJC_MSGSEND = YES;
				ENABLE_TESTABILITY = YES;
				GCC_C_LANGUAGE_STANDARD = gnu11;
				GCC_DYNAMIC_NO_PIC = NO;
				GCC_NO_COMMON_BLOCKS = YES;
				GCC_OPTIMIZATION_LEVEL = 0;
				GCC_PREPROCESSOR_DEFINITIONS = (
					"DEBUG=1",
					"$(inherited)",
				);
				GCC_WARN_64_TO_32_BIT_CONVERSION = YES;
				GCC_WARN_ABOUT_RETURN_TYPE = YES_ERROR;
				GCC_WARN_UNDECLARED_SELECTOR = YES;
				GCC_WARN_UNINITIALIZED_AUTOS = YES_AGGRESSIVE;
				GCC_WARN_UNUSED_FUNCTION = YES;
				GCC_WARN_UNUSED_VARIABLE = YES;
				IPHONEOS_DEPLOYMENT_TARGET = 16.1;
				MTL_ENABLE_DEBUG_INFO = INCLUDE_SOURCE;
				MTL_FAST_MATH = YES;
				ONLY_ACTIVE_ARCH = YES;
				SDKROOT = iphoneos;
				SWIFT_ACTIVE_COMPILATION_CONDITIONS = DEBUG;
				SWIFT_OPTIMIZATION_LEVEL = "-Onone";
			};
			name = Debug;
		};
		CC69B3B4293F688F00D2B285 /* Release */ = {
			isa = XCBuildConfiguration;
			buildSettings = {
				ALWAYS_SEARCH_USER_PATHS = NO;
				CLANG_ANALYZER_NONNULL = YES;
				CLANG_ANALYZER_NUMBER_OBJECT_CONVERSION = YES_AGGRESSIVE;
				CLANG_CXX_LANGUAGE_STANDARD = "gnu++20";
				CLANG_ENABLE_MODULES = YES;
				CLANG_ENABLE_OBJC_ARC = YES;
				CLANG_ENABLE_OBJC_WEAK = YES;
				CLANG_WARN_BLOCK_CAPTURE_AUTORELEASING = YES;
				CLANG_WARN_BOOL_CONVERSION = YES;
				CLANG_WARN_COMMA = YES;
				CLANG_WARN_CONSTANT_CONVERSION = YES;
				CLANG_WARN_DEPRECATED_OBJC_IMPLEMENTATIONS = YES;
				CLANG_WARN_DIRECT_OBJC_ISA_USAGE = YES_ERROR;
				CLANG_WARN_DOCUMENTATION_COMMENTS = YES;
				CLANG_WARN_EMPTY_BODY = YES;
				CLANG_WARN_ENUM_CONVERSION = YES;
				CLANG_WARN_INFINITE_RECURSION = YES;
				CLANG_WARN_INT_CONVERSION = YES;
				CLANG_WARN_NON_LITERAL_NULL_CONVERSION = YES;
				CLANG_WARN_OBJC_IMPLICIT_RETAIN_SELF = YES;
				CLANG_WARN_OBJC_LITERAL_CONVERSION = YES;
				CLANG_WARN_OBJC_ROOT_CLASS = YES_ERROR;
				CLANG_WARN_QUOTED_INCLUDE_IN_FRAMEWORK_HEADER = YES;
				CLANG_WARN_RANGE_LOOP_ANALYSIS = YES;
				CLANG_WARN_STRICT_PROTOTYPES = YES;
				CLANG_WARN_SUSPICIOUS_MOVE = YES;
				CLANG_WARN_UNGUARDED_AVAILABILITY = YES_AGGRESSIVE;
				CLANG_WARN_UNREACHABLE_CODE = YES;
				CLANG_WARN__DUPLICATE_METHOD_MATCH = YES;
				COPY_PHASE_STRIP = NO;
				DEBUG_INFORMATION_FORMAT = "dwarf-with-dsym";
				ENABLE_NS_ASSERTIONS = NO;
				ENABLE_STRICT_OBJC_MSGSEND = YES;
				GCC_C_LANGUAGE_STANDARD = gnu11;
				GCC_NO_COMMON_BLOCKS = YES;
				GCC_WARN_64_TO_32_BIT_CONVERSION = YES;
				GCC_WARN_ABOUT_RETURN_TYPE = YES_ERROR;
				GCC_WARN_UNDECLARED_SELECTOR = YES;
				GCC_WARN_UNINITIALIZED_AUTOS = YES_AGGRESSIVE;
				GCC_WARN_UNUSED_FUNCTION = YES;
				GCC_WARN_UNUSED_VARIABLE = YES;
				IPHONEOS_DEPLOYMENT_TARGET = 16.1;
				MTL_ENABLE_DEBUG_INFO = NO;
				MTL_FAST_MATH = YES;
				SDKROOT = iphoneos;
				SWIFT_COMPILATION_MODE = wholemodule;
				SWIFT_OPTIMIZATION_LEVEL = "-O";
				VALIDATE_PRODUCT = YES;
			};
			name = Release;
		};
		CC69B3B6293F688F00D2B285 /* Debug */ = {
			isa = XCBuildConfiguration;
			buildSettings = {
				ASSETCATALOG_COMPILER_APPICON_NAME = AppIcon;
				ASSETCATALOG_COMPILER_GLOBAL_ACCENT_COLOR_NAME = AccentColor;
				CODE_SIGN_STYLE = Automatic;
				CURRENT_PROJECT_VERSION = 1;
				DEVELOPMENT_TEAM = 36G2J6D7N4;
				GENERATE_INFOPLIST_FILE = YES;
				INFOPLIST_FILE = TwitterClone/Info.plist;
				INFOPLIST_KEY_UIApplicationSupportsIndirectInputEvents = YES;
				INFOPLIST_KEY_UILaunchStoryboardName = LaunchScreen;
				INFOPLIST_KEY_UISupportedInterfaceOrientations_iPad = "UIInterfaceOrientationPortrait UIInterfaceOrientationPortraitUpsideDown UIInterfaceOrientationLandscapeLeft UIInterfaceOrientationLandscapeRight";
				INFOPLIST_KEY_UISupportedInterfaceOrientations_iPhone = "UIInterfaceOrientationPortrait UIInterfaceOrientationLandscapeLeft UIInterfaceOrientationLandscapeRight";
				LD_RUNPATH_SEARCH_PATHS = (
					"$(inherited)",
					"@executable_path/Frameworks",
				);
				MARKETING_VERSION = 1.0;
				PRODUCT_BUNDLE_IDENTIFIER = com.ridvanyilmaz.TwitterClone;
				PRODUCT_NAME = "$(TARGET_NAME)";
				SWIFT_EMIT_LOC_STRINGS = YES;
				SWIFT_VERSION = 5.0;
				TARGETED_DEVICE_FAMILY = "1,2";
			};
			name = Debug;
		};
		CC69B3B7293F688F00D2B285 /* Release */ = {
			isa = XCBuildConfiguration;
			buildSettings = {
				ASSETCATALOG_COMPILER_APPICON_NAME = AppIcon;
				ASSETCATALOG_COMPILER_GLOBAL_ACCENT_COLOR_NAME = AccentColor;
				CODE_SIGN_STYLE = Automatic;
				CURRENT_PROJECT_VERSION = 1;
				DEVELOPMENT_TEAM = 36G2J6D7N4;
				GENERATE_INFOPLIST_FILE = YES;
				INFOPLIST_FILE = TwitterClone/Info.plist;
				INFOPLIST_KEY_UIApplicationSupportsIndirectInputEvents = YES;
				INFOPLIST_KEY_UILaunchStoryboardName = LaunchScreen;
				INFOPLIST_KEY_UISupportedInterfaceOrientations_iPad = "UIInterfaceOrientationPortrait UIInterfaceOrientationPortraitUpsideDown UIInterfaceOrientationLandscapeLeft UIInterfaceOrientationLandscapeRight";
				INFOPLIST_KEY_UISupportedInterfaceOrientations_iPhone = "UIInterfaceOrientationPortrait UIInterfaceOrientationLandscapeLeft UIInterfaceOrientationLandscapeRight";
				LD_RUNPATH_SEARCH_PATHS = (
					"$(inherited)",
					"@executable_path/Frameworks",
				);
				MARKETING_VERSION = 1.0;
				PRODUCT_BUNDLE_IDENTIFIER = com.ridvanyilmaz.TwitterClone;
				PRODUCT_NAME = "$(TARGET_NAME)";
				SWIFT_EMIT_LOC_STRINGS = YES;
				SWIFT_VERSION = 5.0;
				TARGETED_DEVICE_FAMILY = "1,2";
			};
			name = Release;
		};
/* End XCBuildConfiguration section */

/* Begin XCConfigurationList section */
		CC69B39C293F688E00D2B285 /* Build configuration list for PBXProject "TwitterClone" */ = {
			isa = XCConfigurationList;
			buildConfigurations = (
				CC69B3B3293F688F00D2B285 /* Debug */,
				CC69B3B4293F688F00D2B285 /* Release */,
			);
			defaultConfigurationIsVisible = 0;
			defaultConfigurationName = Release;
		};
		CC69B3B5293F688F00D2B285 /* Build configuration list for PBXNativeTarget "TwitterClone" */ = {
			isa = XCConfigurationList;
			buildConfigurations = (
				CC69B3B6293F688F00D2B285 /* Debug */,
				CC69B3B7293F688F00D2B285 /* Release */,
			);
			defaultConfigurationIsVisible = 0;
			defaultConfigurationName = Release;
		};
/* End XCConfigurationList section */

/* Begin XCRemoteSwiftPackageReference section */
		CC69B3CF294A1B1B00D2B285 /* XCRemoteSwiftPackageReference "firebase-ios-sdk" */ = {
			isa = XCRemoteSwiftPackageReference;
			repositoryURL = "https://github.com/firebase/firebase-ios-sdk";
			requirement = {
				kind = upToNextMinorVersion;
				minimumVersion = 9.6.0;
			};
		};
/* End XCRemoteSwiftPackageReference section */

/* Begin XCSwiftPackageProductDependency section */
		CC69B3D0294A1B1B00D2B285 /* FirebaseAuth */ = {
			isa = XCSwiftPackageProductDependency;
			package = CC69B3CF294A1B1B00D2B285 /* XCRemoteSwiftPackageReference "firebase-ios-sdk" */;
			productName = FirebaseAuth;
		};
		CC69B3D2294A1B1B00D2B285 /* FirebaseAuthCombine-Community */ = {
			isa = XCSwiftPackageProductDependency;
			package = CC69B3CF294A1B1B00D2B285 /* XCRemoteSwiftPackageReference "firebase-ios-sdk" */;
			productName = "FirebaseAuthCombine-Community";
		};
		CC69B3D4294A1B1B00D2B285 /* FirebaseDatabase */ = {
			isa = XCSwiftPackageProductDependency;
			package = CC69B3CF294A1B1B00D2B285 /* XCRemoteSwiftPackageReference "firebase-ios-sdk" */;
			productName = FirebaseDatabase;
		};
		CC69B3D6294A1B1B00D2B285 /* FirebaseDatabaseSwift */ = {
			isa = XCSwiftPackageProductDependency;
			package = CC69B3CF294A1B1B00D2B285 /* XCRemoteSwiftPackageReference "firebase-ios-sdk" */;
			productName = FirebaseDatabaseSwift;
		};
		CC69B3D8294A1B1B00D2B285 /* FirebaseFirestore */ = {
			isa = XCSwiftPackageProductDependency;
			package = CC69B3CF294A1B1B00D2B285 /* XCRemoteSwiftPackageReference "firebase-ios-sdk" */;
			productName = FirebaseFirestore;
		};
		CC69B3DA294A1B1B00D2B285 /* FirebaseFirestoreCombine-Community */ = {
			isa = XCSwiftPackageProductDependency;
			package = CC69B3CF294A1B1B00D2B285 /* XCRemoteSwiftPackageReference "firebase-ios-sdk" */;
			productName = "FirebaseFirestoreCombine-Community";
		};
		CC69B3DC294A1B1B00D2B285 /* FirebaseFirestoreSwift */ = {
			isa = XCSwiftPackageProductDependency;
			package = CC69B3CF294A1B1B00D2B285 /* XCRemoteSwiftPackageReference "firebase-ios-sdk" */;
			productName = FirebaseFirestoreSwift;
		};
		CC69B3DE294A1B1B00D2B285 /* FirebaseStorage */ = {
			isa = XCSwiftPackageProductDependency;
			package = CC69B3CF294A1B1B00D2B285 /* XCRemoteSwiftPackageReference "firebase-ios-sdk" */;
			productName = FirebaseStorage;
		};
		CC69B3E0294A1B1B00D2B285 /* FirebaseStorageCombine-Community */ = {
			isa = XCSwiftPackageProductDependency;
			package = CC69B3CF294A1B1B00D2B285 /* XCRemoteSwiftPackageReference "firebase-ios-sdk" */;
			productName = "FirebaseStorageCombine-Community";
		};
/* End XCSwiftPackageProductDependency section */
	};
	rootObject = CC69B399293F688E00D2B285 /* Project object */;
}
